// !$*UTF8*$!
{
	archiveVersion = 1;
	classes = {
	};
	objectVersion = 50;
	objects = {

/* Begin PBXBuildFile section */
		973476FD25AA41EF009E7102 /* cssTag.swift in Sources */ = {isa = PBXBuildFile; fileRef = 973476FC25AA41EF009E7102 /* cssTag.swift */; };
		9734774D25AFAB5E009E7102 /* CustomTableCell.swift in Sources */ = {isa = PBXBuildFile; fileRef = 9734774C25AFAB5E009E7102 /* CustomTableCell.swift */; };
		9791BD5125A7C1C300EC074A /* AppDelegate.swift in Sources */ = {isa = PBXBuildFile; fileRef = 9791BD5025A7C1C300EC074A /* AppDelegate.swift */; };
		9791BD5525A7C1C600EC074A /* Assets.xcassets in Resources */ = {isa = PBXBuildFile; fileRef = 9791BD5425A7C1C600EC074A /* Assets.xcassets */; };
		9791BD5825A7C1C600EC074A /* Main.storyboard in Resources */ = {isa = PBXBuildFile; fileRef = 9791BD5625A7C1C600EC074A /* Main.storyboard */; };
		9791BD6425A7C1C700EC074A /* acme_drawTests.swift in Sources */ = {isa = PBXBuildFile; fileRef = 9791BD6325A7C1C700EC074A /* acme_drawTests.swift */; };
		9791BD6F25A7C1C700EC074A /* acme_drawUITests.swift in Sources */ = {isa = PBXBuildFile; fileRef = 9791BD6E25A7C1C700EC074A /* acme_drawUITests.swift */; };
		9791BD8825A7C1FA00EC074A /* ViewController.swift in Sources */ = {isa = PBXBuildFile; fileRef = 9791BD8525A7C1F900EC074A /* ViewController.swift */; };
		9791BD8925A7C1FA00EC074A /* propertyData.swift in Sources */ = {isa = PBXBuildFile; fileRef = 9791BD8625A7C1F900EC074A /* propertyData.swift */; };
		9791BD8A25A7C1FA00EC074A /* myView.swift in Sources */ = {isa = PBXBuildFile; fileRef = 9791BD8725A7C1F900EC074A /* myView.swift */; };
		9791BD9625A7C21100EC074A /* CustomButtonRoadSign.swift in Sources */ = {isa = PBXBuildFile; fileRef = 9791BD8E25A7C20600EC074A /* CustomButtonRoadSign.swift */; };
/* End PBXBuildFile section */

/* Begin PBXContainerItemProxy section */
		9791BD6025A7C1C700EC074A /* PBXContainerItemProxy */ = {
			isa = PBXContainerItemProxy;
			containerPortal = 9791BD4525A7C1C300EC074A /* Project object */;
			proxyType = 1;
			remoteGlobalIDString = 9791BD4C25A7C1C300EC074A;
			remoteInfo = "acme draw";
		};
		9791BD6B25A7C1C700EC074A /* PBXContainerItemProxy */ = {
			isa = PBXContainerItemProxy;
			containerPortal = 9791BD4525A7C1C300EC074A /* Project object */;
			proxyType = 1;
			remoteGlobalIDString = 9791BD4C25A7C1C300EC074A;
			remoteInfo = "acme draw";
		};
/* End PBXContainerItemProxy section */

/* Begin PBXFileReference section */
		973476FC25AA41EF009E7102 /* cssTag.swift */ = {isa = PBXFileReference; lastKnownFileType = sourcecode.swift; path = cssTag.swift; sourceTree = "<group>"; };
		9734774C25AFAB5E009E7102 /* CustomTableCell.swift */ = {isa = PBXFileReference; fileEncoding = 4; lastKnownFileType = sourcecode.swift; path = CustomTableCell.swift; sourceTree = "<group>"; };
		9791BD4D25A7C1C300EC074A /* acme draw.app */ = {isa = PBXFileReference; explicitFileType = wrapper.application; includeInIndex = 0; path = "acme draw.app"; sourceTree = BUILT_PRODUCTS_DIR; };
		9791BD5025A7C1C300EC074A /* AppDelegate.swift */ = {isa = PBXFileReference; lastKnownFileType = sourcecode.swift; path = AppDelegate.swift; sourceTree = "<group>"; };
		9791BD5425A7C1C600EC074A /* Assets.xcassets */ = {isa = PBXFileReference; lastKnownFileType = folder.assetcatalog; path = Assets.xcassets; sourceTree = "<group>"; };
		9791BD5725A7C1C600EC074A /* Base */ = {isa = PBXFileReference; lastKnownFileType = file.storyboard; name = Base; path = Base.lproj/Main.storyboard; sourceTree = "<group>"; };
		9791BD5925A7C1C600EC074A /* Info.plist */ = {isa = PBXFileReference; lastKnownFileType = text.plist.xml; path = Info.plist; sourceTree = "<group>"; };
		9791BD5A25A7C1C600EC074A /* acme_draw.entitlements */ = {isa = PBXFileReference; lastKnownFileType = text.plist.entitlements; path = acme_draw.entitlements; sourceTree = "<group>"; };
		9791BD5F25A7C1C700EC074A /* acme drawTests.xctest */ = {isa = PBXFileReference; explicitFileType = wrapper.cfbundle; includeInIndex = 0; path = "acme drawTests.xctest"; sourceTree = BUILT_PRODUCTS_DIR; };
		9791BD6325A7C1C700EC074A /* acme_drawTests.swift */ = {isa = PBXFileReference; lastKnownFileType = sourcecode.swift; path = acme_drawTests.swift; sourceTree = "<group>"; };
		9791BD6525A7C1C700EC074A /* Info.plist */ = {isa = PBXFileReference; lastKnownFileType = text.plist.xml; path = Info.plist; sourceTree = "<group>"; };
		9791BD6A25A7C1C700EC074A /* acme drawUITests.xctest */ = {isa = PBXFileReference; explicitFileType = wrapper.cfbundle; includeInIndex = 0; path = "acme drawUITests.xctest"; sourceTree = BUILT_PRODUCTS_DIR; };
		9791BD6E25A7C1C700EC074A /* acme_drawUITests.swift */ = {isa = PBXFileReference; lastKnownFileType = sourcecode.swift; path = acme_drawUITests.swift; sourceTree = "<group>"; };
		9791BD7025A7C1C700EC074A /* Info.plist */ = {isa = PBXFileReference; lastKnownFileType = text.plist.xml; path = Info.plist; sourceTree = "<group>"; };
		9791BD8525A7C1F900EC074A /* ViewController.swift */ = {isa = PBXFileReference; fileEncoding = 4; lastKnownFileType = sourcecode.swift; path = ViewController.swift; sourceTree = "<group>"; };
		9791BD8625A7C1F900EC074A /* propertyData.swift */ = {isa = PBXFileReference; fileEncoding = 4; lastKnownFileType = sourcecode.swift; path = propertyData.swift; sourceTree = "<group>"; };
		9791BD8725A7C1F900EC074A /* myView.swift */ = {isa = PBXFileReference; fileEncoding = 4; lastKnownFileType = sourcecode.swift; path = myView.swift; sourceTree = "<group>"; };
		9791BD8E25A7C20600EC074A /* CustomButtonRoadSign.swift */ = {isa = PBXFileReference; fileEncoding = 4; lastKnownFileType = sourcecode.swift; path = CustomButtonRoadSign.swift; sourceTree = "<group>"; };
/* End PBXFileReference section */

/* Begin PBXFrameworksBuildPhase section */
		9791BD4A25A7C1C300EC074A /* Frameworks */ = {
			isa = PBXFrameworksBuildPhase;
			buildActionMask = 2147483647;
			files = (
			);
			runOnlyForDeploymentPostprocessing = 0;
		};
		9791BD5C25A7C1C700EC074A /* Frameworks */ = {
			isa = PBXFrameworksBuildPhase;
			buildActionMask = 2147483647;
			files = (
			);
			runOnlyForDeploymentPostprocessing = 0;
		};
		9791BD6725A7C1C700EC074A /* Frameworks */ = {
			isa = PBXFrameworksBuildPhase;
			buildActionMask = 2147483647;
			files = (
			);
			runOnlyForDeploymentPostprocessing = 0;
		};
/* End PBXFrameworksBuildPhase section */

/* Begin PBXGroup section */
		9791BD4425A7C1C300EC074A = {
			isa = PBXGroup;
			children = (
				9791BD4F25A7C1C300EC074A /* acme draw */,
				9791BD6225A7C1C700EC074A /* acme drawTests */,
				9791BD6D25A7C1C700EC074A /* acme drawUITests */,
				9791BD4E25A7C1C300EC074A /* Products */,
			);
			sourceTree = "<group>";
		};
		9791BD4E25A7C1C300EC074A /* Products */ = {
			isa = PBXGroup;
			children = (
				9791BD4D25A7C1C300EC074A /* acme draw.app */,
				9791BD5F25A7C1C700EC074A /* acme drawTests.xctest */,
				9791BD6A25A7C1C700EC074A /* acme drawUITests.xctest */,
			);
			name = Products;
			sourceTree = "<group>";
		};
		9791BD4F25A7C1C300EC074A /* acme draw */ = {
			isa = PBXGroup;
			children = (
				9791BD5025A7C1C300EC074A /* AppDelegate.swift */,
				9791BD8525A7C1F900EC074A /* ViewController.swift */,
				9791BD8725A7C1F900EC074A /* myView.swift */,
				9791BD8625A7C1F900EC074A /* propertyData.swift */,
				973476FC25AA41EF009E7102 /* cssTag.swift */,
				9734774C25AFAB5E009E7102 /* CustomTableCell.swift */,
				9791BD5425A7C1C600EC074A /* Assets.xcassets */,
				9791BD5625A7C1C600EC074A /* Main.storyboard */,
				9791BD8E25A7C20600EC074A /* CustomButtonRoadSign.swift */,
				9791BD5925A7C1C600EC074A /* Info.plist */,
				9791BD5A25A7C1C600EC074A /* acme_draw.entitlements */,
			);
			path = "acme draw";
			sourceTree = "<group>";
		};
		9791BD6225A7C1C700EC074A /* acme drawTests */ = {
			isa = PBXGroup;
			children = (
				9791BD6325A7C1C700EC074A /* acme_drawTests.swift */,
				9791BD6525A7C1C700EC074A /* Info.plist */,
			);
			path = "acme drawTests";
			sourceTree = "<group>";
		};
		9791BD6D25A7C1C700EC074A /* acme drawUITests */ = {
			isa = PBXGroup;
			children = (
				9791BD6E25A7C1C700EC074A /* acme_drawUITests.swift */,
				9791BD7025A7C1C700EC074A /* Info.plist */,
			);
			path = "acme drawUITests";
			sourceTree = "<group>";
		};
/* End PBXGroup section */

/* Begin PBXNativeTarget section */
		9791BD4C25A7C1C300EC074A /* acme draw */ = {
			isa = PBXNativeTarget;
			buildConfigurationList = 9791BD7325A7C1C700EC074A /* Build configuration list for PBXNativeTarget "acme draw" */;
			buildPhases = (
				9791BD4925A7C1C300EC074A /* Sources */,
				9791BD4A25A7C1C300EC074A /* Frameworks */,
				9791BD4B25A7C1C300EC074A /* Resources */,
			);
			buildRules = (
			);
			dependencies = (
			);
			name = "acme draw";
			productName = "acme draw";
			productReference = 9791BD4D25A7C1C300EC074A /* acme draw.app */;
			productType = "com.apple.product-type.application";
		};
		9791BD5E25A7C1C700EC074A /* acme drawTests */ = {
			isa = PBXNativeTarget;
			buildConfigurationList = 9791BD7625A7C1C700EC074A /* Build configuration list for PBXNativeTarget "acme drawTests" */;
			buildPhases = (
				9791BD5B25A7C1C700EC074A /* Sources */,
				9791BD5C25A7C1C700EC074A /* Frameworks */,
				9791BD5D25A7C1C700EC074A /* Resources */,
			);
			buildRules = (
			);
			dependencies = (
				9791BD6125A7C1C700EC074A /* PBXTargetDependency */,
			);
			name = "acme drawTests";
			productName = "acme drawTests";
			productReference = 9791BD5F25A7C1C700EC074A /* acme drawTests.xctest */;
			productType = "com.apple.product-type.bundle.unit-test";
		};
		9791BD6925A7C1C700EC074A /* acme drawUITests */ = {
			isa = PBXNativeTarget;
			buildConfigurationList = 9791BD7925A7C1C700EC074A /* Build configuration list for PBXNativeTarget "acme drawUITests" */;
			buildPhases = (
				9791BD6625A7C1C700EC074A /* Sources */,
				9791BD6725A7C1C700EC074A /* Frameworks */,
				9791BD6825A7C1C700EC074A /* Resources */,
			);
			buildRules = (
			);
			dependencies = (
				9791BD6C25A7C1C700EC074A /* PBXTargetDependency */,
			);
			name = "acme drawUITests";
			productName = "acme drawUITests";
			productReference = 9791BD6A25A7C1C700EC074A /* acme drawUITests.xctest */;
			productType = "com.apple.product-type.bundle.ui-testing";
		};
/* End PBXNativeTarget section */

/* Begin PBXProject section */
		9791BD4525A7C1C300EC074A /* Project object */ = {
			isa = PBXProject;
			attributes = {
				LastSwiftUpdateCheck = 1220;
				LastUpgradeCheck = 1220;
				TargetAttributes = {
					9791BD4C25A7C1C300EC074A = {
						CreatedOnToolsVersion = 12.2;
					};
					9791BD5E25A7C1C700EC074A = {
						CreatedOnToolsVersion = 12.2;
						TestTargetID = 9791BD4C25A7C1C300EC074A;
					};
					9791BD6925A7C1C700EC074A = {
						CreatedOnToolsVersion = 12.2;
						TestTargetID = 9791BD4C25A7C1C300EC074A;
					};
				};
			};
			buildConfigurationList = 9791BD4825A7C1C300EC074A /* Build configuration list for PBXProject "acme draw" */;
			compatibilityVersion = "Xcode 9.3";
			developmentRegion = en;
			hasScannedForEncodings = 0;
			knownRegions = (
				en,
				Base,
			);
			mainGroup = 9791BD4425A7C1C300EC074A;
			productRefGroup = 9791BD4E25A7C1C300EC074A /* Products */;
			projectDirPath = "";
			projectRoot = "";
			targets = (
				9791BD4C25A7C1C300EC074A /* acme draw */,
				9791BD5E25A7C1C700EC074A /* acme drawTests */,
				9791BD6925A7C1C700EC074A /* acme drawUITests */,
			);
		};
/* End PBXProject section */

/* Begin PBXResourcesBuildPhase section */
		9791BD4B25A7C1C300EC074A /* Resources */ = {
			isa = PBXResourcesBuildPhase;
			buildActionMask = 2147483647;
			files = (
				9791BD5525A7C1C600EC074A /* Assets.xcassets in Resources */,
				9791BD5825A7C1C600EC074A /* Main.storyboard in Resources */,
			);
			runOnlyForDeploymentPostprocessing = 0;
		};
		9791BD5D25A7C1C700EC074A /* Resources */ = {
			isa = PBXResourcesBuildPhase;
			buildActionMask = 2147483647;
			files = (
			);
			runOnlyForDeploymentPostprocessing = 0;
		};
		9791BD6825A7C1C700EC074A /* Resources */ = {
			isa = PBXResourcesBuildPhase;
			buildActionMask = 2147483647;
			files = (
			);
			runOnlyForDeploymentPostprocessing = 0;
		};
/* End PBXResourcesBuildPhase section */

/* Begin PBXSourcesBuildPhase section */
		9791BD4925A7C1C300EC074A /* Sources */ = {
			isa = PBXSourcesBuildPhase;
			buildActionMask = 2147483647;
			files = (
				9791BD8A25A7C1FA00EC074A /* myView.swift in Sources */,
				9791BD8825A7C1FA00EC074A /* ViewController.swift in Sources */,
				9791BD5125A7C1C300EC074A /* AppDelegate.swift in Sources */,
				9791BD8925A7C1FA00EC074A /* propertyData.swift in Sources */,
				973476FD25AA41EF009E7102 /* cssTag.swift in Sources */,
				9791BD9625A7C21100EC074A /* CustomButtonRoadSign.swift in Sources */,
				9734774D25AFAB5E009E7102 /* CustomTableCell.swift in Sources */,
			);
			runOnlyForDeploymentPostprocessing = 0;
		};
		9791BD5B25A7C1C700EC074A /* Sources */ = {
			isa = PBXSourcesBuildPhase;
			buildActionMask = 2147483647;
			files = (
				9791BD6425A7C1C700EC074A /* acme_drawTests.swift in Sources */,
			);
			runOnlyForDeploymentPostprocessing = 0;
		};
		9791BD6625A7C1C700EC074A /* Sources */ = {
			isa = PBXSourcesBuildPhase;
			buildActionMask = 2147483647;
			files = (
				9791BD6F25A7C1C700EC074A /* acme_drawUITests.swift in Sources */,
			);
			runOnlyForDeploymentPostprocessing = 0;
		};
/* End PBXSourcesBuildPhase section */

/* Begin PBXTargetDependency section */
		9791BD6125A7C1C700EC074A /* PBXTargetDependency */ = {
			isa = PBXTargetDependency;
			target = 9791BD4C25A7C1C300EC074A /* acme draw */;
			targetProxy = 9791BD6025A7C1C700EC074A /* PBXContainerItemProxy */;
		};
		9791BD6C25A7C1C700EC074A /* PBXTargetDependency */ = {
			isa = PBXTargetDependency;
			target = 9791BD4C25A7C1C300EC074A /* acme draw */;
			targetProxy = 9791BD6B25A7C1C700EC074A /* PBXContainerItemProxy */;
		};
/* End PBXTargetDependency section */

/* Begin PBXVariantGroup section */
		9791BD5625A7C1C600EC074A /* Main.storyboard */ = {
			isa = PBXVariantGroup;
			children = (
				9791BD5725A7C1C600EC074A /* Base */,
			);
			name = Main.storyboard;
			sourceTree = "<group>";
		};
/* End PBXVariantGroup section */

/* Begin XCBuildConfiguration section */
		9791BD7125A7C1C700EC074A /* Debug */ = {
			isa = XCBuildConfiguration;
			buildSettings = {
				ALWAYS_SEARCH_USER_PATHS = NO;
				CLANG_ANALYZER_NONNULL = YES;
				CLANG_ANALYZER_NUMBER_OBJECT_CONVERSION = YES_AGGRESSIVE;
				CLANG_CXX_LANGUAGE_STANDARD = "gnu++14";
				CLANG_CXX_LIBRARY = "libc++";
				CLANG_ENABLE_MODULES = YES;
				CLANG_ENABLE_OBJC_ARC = YES;
				CLANG_ENABLE_OBJC_WEAK = YES;
				CLANG_WARN_BLOCK_CAPTURE_AUTORELEASING = YES;
				CLANG_WARN_BOOL_CONVERSION = YES;
				CLANG_WARN_COMMA = YES;
				CLANG_WARN_CONSTANT_CONVERSION = YES;
				CLANG_WARN_DEPRECATED_OBJC_IMPLEMENTATIONS = YES;
				CLANG_WARN_DIRECT_OBJC_ISA_USAGE = YES_ERROR;
				CLANG_WARN_DOCUMENTATION_COMMENTS = YES;
				CLANG_WARN_EMPTY_BODY = YES;
				CLANG_WARN_ENUM_CONVERSION = YES;
				CLANG_WARN_INFINITE_RECURSION = YES;
				CLANG_WARN_INT_CONVERSION = YES;
				CLANG_WARN_NON_LITERAL_NULL_CONVERSION = YES;
				CLANG_WARN_OBJC_IMPLICIT_RETAIN_SELF = YES;
				CLANG_WARN_OBJC_LITERAL_CONVERSION = YES;
				CLANG_WARN_OBJC_ROOT_CLASS = YES_ERROR;
				CLANG_WARN_QUOTED_INCLUDE_IN_FRAMEWORK_HEADER = YES;
				CLANG_WARN_RANGE_LOOP_ANALYSIS = YES;
				CLANG_WARN_STRICT_PROTOTYPES = YES;
				CLANG_WARN_SUSPICIOUS_MOVE = YES;
				CLANG_WARN_UNGUARDED_AVAILABILITY = YES_AGGRESSIVE;
				CLANG_WARN_UNREACHABLE_CODE = YES;
				CLANG_WARN__DUPLICATE_METHOD_MATCH = YES;
				COPY_PHASE_STRIP = NO;
				DEBUG_INFORMATION_FORMAT = dwarf;
				ENABLE_STRICT_OBJC_MSGSEND = YES;
				ENABLE_TESTABILITY = YES;
				GCC_C_LANGUAGE_STANDARD = gnu11;
				GCC_DYNAMIC_NO_PIC = NO;
				GCC_NO_COMMON_BLOCKS = YES;
				GCC_OPTIMIZATION_LEVEL = 0;
				GCC_PREPROCESSOR_DEFINITIONS = (
					"DEBUG=1",
					"$(inherited)",
				);
				GCC_WARN_64_TO_32_BIT_CONVERSION = YES;
				GCC_WARN_ABOUT_RETURN_TYPE = YES_ERROR;
				GCC_WARN_UNDECLARED_SELECTOR = YES;
				GCC_WARN_UNINITIALIZED_AUTOS = YES_AGGRESSIVE;
				GCC_WARN_UNUSED_FUNCTION = YES;
				GCC_WARN_UNUSED_VARIABLE = YES;
				MACOSX_DEPLOYMENT_TARGET = 10.15;
				MTL_ENABLE_DEBUG_INFO = INCLUDE_SOURCE;
				MTL_FAST_MATH = YES;
				ONLY_ACTIVE_ARCH = YES;
				SDKROOT = macosx;
				SWIFT_ACTIVE_COMPILATION_CONDITIONS = DEBUG;
				SWIFT_OPTIMIZATION_LEVEL = "-Onone";
			};
			name = Debug;
		};
		9791BD7225A7C1C700EC074A /* Release */ = {
			isa = XCBuildConfiguration;
			buildSettings = {
				ALWAYS_SEARCH_USER_PATHS = NO;
				CLANG_ANALYZER_NONNULL = YES;
				CLANG_ANALYZER_NUMBER_OBJECT_CONVERSION = YES_AGGRESSIVE;
				CLANG_CXX_LANGUAGE_STANDARD = "gnu++14";
				CLANG_CXX_LIBRARY = "libc++";
				CLANG_ENABLE_MODULES = YES;
				CLANG_ENABLE_OBJC_ARC = YES;
				CLANG_ENABLE_OBJC_WEAK = YES;
				CLANG_WARN_BLOCK_CAPTURE_AUTORELEASING = YES;
				CLANG_WARN_BOOL_CONVERSION = YES;
				CLANG_WARN_COMMA = YES;
				CLANG_WARN_CONSTANT_CONVERSION = YES;
				CLANG_WARN_DEPRECATED_OBJC_IMPLEMENTATIONS = YES;
				CLANG_WARN_DIRECT_OBJC_ISA_USAGE = YES_ERROR;
				CLANG_WARN_DOCUMENTATION_COMMENTS = YES;
				CLANG_WARN_EMPTY_BODY = YES;
				CLANG_WARN_ENUM_CONVERSION = YES;
				CLANG_WARN_INFINITE_RECURSION = YES;
				CLANG_WARN_INT_CONVERSION = YES;
				CLANG_WARN_NON_LITERAL_NULL_CONVERSION = YES;
				CLANG_WARN_OBJC_IMPLICIT_RETAIN_SELF = YES;
				CLANG_WARN_OBJC_LITERAL_CONVERSION = YES;
				CLANG_WARN_OBJC_ROOT_CLASS = YES_ERROR;
				CLANG_WARN_QUOTED_INCLUDE_IN_FRAMEWORK_HEADER = YES;
				CLANG_WARN_RANGE_LOOP_ANALYSIS = YES;
				CLANG_WARN_STRICT_PROTOTYPES = YES;
				CLANG_WARN_SUSPICIOUS_MOVE = YES;
				CLANG_WARN_UNGUARDED_AVAILABILITY = YES_AGGRESSIVE;
				CLANG_WARN_UNREACHABLE_CODE = YES;
				CLANG_WARN__DUPLICATE_METHOD_MATCH = YES;
				COPY_PHASE_STRIP = NO;
				DEBUG_INFORMATION_FORMAT = "dwarf-with-dsym";
				ENABLE_NS_ASSERTIONS = NO;
				ENABLE_STRICT_OBJC_MSGSEND = YES;
				GCC_C_LANGUAGE_STANDARD = gnu11;
				GCC_NO_COMMON_BLOCKS = YES;
				GCC_WARN_64_TO_32_BIT_CONVERSION = YES;
				GCC_WARN_ABOUT_RETURN_TYPE = YES_ERROR;
				GCC_WARN_UNDECLARED_SELECTOR = YES;
				GCC_WARN_UNINITIALIZED_AUTOS = YES_AGGRESSIVE;
				GCC_WARN_UNUSED_FUNCTION = YES;
				GCC_WARN_UNUSED_VARIABLE = YES;
				MACOSX_DEPLOYMENT_TARGET = 10.15;
				MTL_ENABLE_DEBUG_INFO = NO;
				MTL_FAST_MATH = YES;
				SDKROOT = macosx;
				SWIFT_COMPILATION_MODE = wholemodule;
				SWIFT_OPTIMIZATION_LEVEL = "-O";
			};
			name = Release;
		};
		9791BD7425A7C1C700EC074A /* Debug */ = {
			isa = XCBuildConfiguration;
			buildSettings = {
				ASSETCATALOG_COMPILER_APPICON_NAME = AppIcon;
				ASSETCATALOG_COMPILER_GLOBAL_ACCENT_COLOR_NAME = AccentColor;
				CODE_SIGN_ENTITLEMENTS = "acme draw/acme_draw.entitlements";
				CODE_SIGN_STYLE = Automatic;
				COMBINE_HIDPI_IMAGES = YES;
				DEVELOPMENT_TEAM = 7QPZTLEJ7L;
				ENABLE_HARDENED_RUNTIME = YES;
				INFOPLIST_FILE = "acme draw/Info.plist";
				LD_RUNPATH_SEARCH_PATHS = (
					"$(inherited)",
					"@executable_path/../Frameworks",
				);
				MARKETING_VERSION = 0.1;
				PRODUCT_BUNDLE_IDENTIFIER = "com.gamerocketstudio.acme-draw";
				PRODUCT_NAME = "$(TARGET_NAME)";
				SWIFT_VERSION = 5.0;
			};
			name = Debug;
		};
		9791BD7525A7C1C700EC074A /* Release */ = {
			isa = XCBuildConfiguration;
			buildSettings = {
				ASSETCATALOG_COMPILER_APPICON_NAME = AppIcon;
				ASSETCATALOG_COMPILER_GLOBAL_ACCENT_COLOR_NAME = AccentColor;
				CODE_SIGN_ENTITLEMENTS = "acme draw/acme_draw.entitlements";
				CODE_SIGN_STYLE = Automatic;
				COMBINE_HIDPI_IMAGES = YES;
				DEVELOPMENT_TEAM = 7QPZTLEJ7L;
				ENABLE_HARDENED_RUNTIME = YES;
				INFOPLIST_FILE = "acme draw/Info.plist";
				LD_RUNPATH_SEARCH_PATHS = (
					"$(inherited)",
					"@executable_path/../Frameworks",
				);
				MARKETING_VERSION = 0.1;
				PRODUCT_BUNDLE_IDENTIFIER = "com.gamerocketstudio.acme-draw";
				PRODUCT_NAME = "$(TARGET_NAME)";
				SWIFT_VERSION = 5.0;
			};
			name = Release;
		};
		9791BD7725A7C1C700EC074A /* Debug */ = {
			isa = XCBuildConfiguration;
			buildSettings = {
				ALWAYS_EMBED_SWIFT_STANDARD_LIBRARIES = YES;
				BUNDLE_LOADER = "$(TEST_HOST)";
				CODE_SIGN_STYLE = Automatic;
				COMBINE_HIDPI_IMAGES = YES;
				DEVELOPMENT_TEAM = 7QPZTLEJ7L;
				INFOPLIST_FILE = "acme drawTests/Info.plist";
				LD_RUNPATH_SEARCH_PATHS = (
					"$(inherited)",
					"@executable_path/../Frameworks",
					"@loader_path/../Frameworks",
				);
				MACOSX_DEPLOYMENT_TARGET = 10.15;
				PRODUCT_BUNDLE_IDENTIFIER = "com.gamerocketstudio.acme-drawTests";
				PRODUCT_NAME = "$(TARGET_NAME)";
				SWIFT_VERSION = 5.0;
				TEST_HOST = "$(BUILT_PRODUCTS_DIR)/acme draw.app/Contents/MacOS/acme draw";
			};
			name = Debug;
		};
		9791BD7825A7C1C700EC074A /* Release */ = {
			isa = XCBuildConfiguration;
			buildSettings = {
				ALWAYS_EMBED_SWIFT_STANDARD_LIBRARIES = YES;
				BUNDLE_LOADER = "$(TEST_HOST)";
				CODE_SIGN_STYLE = Automatic;
				COMBINE_HIDPI_IMAGES = YES;
				DEVELOPMENT_TEAM = 7QPZTLEJ7L;
				INFOPLIST_FILE = "acme drawTests/Info.plist";
				LD_RUNPATH_SEARCH_PATHS = (
					"$(inherited)",
					"@executable_path/../Frameworks",
					"@loader_path/../Frameworks",
				);
				MACOSX_DEPLOYMENT_TARGET = 10.15;
				PRODUCT_BUNDLE_IDENTIFIER = "com.gamerocketstudio.acme-drawTests";
				PRODUCT_NAME = "$(TARGET_NAME)";
				SWIFT_VERSION = 5.0;
				TEST_HOST = "$(BUILT_PRODUCTS_DIR)/acme draw.app/Contents/MacOS/acme draw";
			};
			name = Release;
		};
		9791BD7A25A7C1C700EC074A /* Debug */ = {
			isa = XCBuildConfiguration;
			buildSettings = {
				ALWAYS_EMBED_SWIFT_STANDARD_LIBRARIES = YES;
				CODE_SIGN_STYLE = Automatic;
				COMBINE_HIDPI_IMAGES = YES;
				DEVELOPMENT_TEAM = 7QPZTLEJ7L;
				INFOPLIST_FILE = "acme drawUITests/Info.plist";
				LD_RUNPATH_SEARCH_PATHS = (
					"$(inherited)",
					"@executable_path/../Frameworks",
					"@loader_path/../Frameworks",
				);
				PRODUCT_BUNDLE_IDENTIFIER = "com.gamerocketstudio.acme-drawUITests";
				PRODUCT_NAME = "$(TARGET_NAME)";
				SWIFT_VERSION = 5.0;
				TEST_TARGET_NAME = "acme draw";
			};
			name = Debug;
		};
		9791BD7B25A7C1C700EC074A /* Release */ = {
			isa = XCBuildConfiguration;
			buildSettings = {
				ALWAYS_EMBED_SWIFT_STANDARD_LIBRARIES = YES;
				CODE_SIGN_STYLE = Automatic;
				COMBINE_HIDPI_IMAGES = YES;
				DEVELOPMENT_TEAM = 7QPZTLEJ7L;
				INFOPLIST_FILE = "acme drawUITests/Info.plist";
				LD_RUNPATH_SEARCH_PATHS = (
					"$(inherited)",
					"@executable_path/../Frameworks",
					"@loader_path/../Frameworks",
				);
				PRODUCT_BUNDLE_IDENTIFIER = "com.gamerocketstudio.acme-drawUITests";
				PRODUCT_NAME = "$(TARGET_NAME)";
				SWIFT_VERSION = 5.0;
				TEST_TARGET_NAME = "acme draw";
			};
			name = Release;
		};
/* End XCBuildConfiguration section */

/* Begin XCConfigurationList section */
		9791BD4825A7C1C300EC074A /* Build configuration list for PBXProject "acme draw" */ = {
			isa = XCConfigurationList;
			buildConfigurations = (
				9791BD7125A7C1C700EC074A /* Debug */,
				9791BD7225A7C1C700EC074A /* Release */,
			);
			defaultConfigurationIsVisible = 0;
			defaultConfigurationName = Release;
		};
		9791BD7325A7C1C700EC074A /* Build configuration list for PBXNativeTarget "acme draw" */ = {
			isa = XCConfigurationList;
			buildConfigurations = (
				9791BD7425A7C1C700EC074A /* Debug */,
				9791BD7525A7C1C700EC074A /* Release */,
			);
			defaultConfigurationIsVisible = 0;
			defaultConfigurationName = Release;
		};
		9791BD7625A7C1C700EC074A /* Build configuration list for PBXNativeTarget "acme drawTests" */ = {
			isa = XCConfigurationList;
			buildConfigurations = (
				9791BD7725A7C1C700EC074A /* Debug */,
				9791BD7825A7C1C700EC074A /* Release */,
			);
			defaultConfigurationIsVisible = 0;
			defaultConfigurationName = Release;
		};
		9791BD7925A7C1C700EC074A /* Build configuration list for PBXNativeTarget "acme drawUITests" */ = {
			isa = XCConfigurationList;
			buildConfigurations = (
				9791BD7A25A7C1C700EC074A /* Debug */,
				9791BD7B25A7C1C700EC074A /* Release */,
			);
			defaultConfigurationIsVisible = 0;
			defaultConfigurationName = Release;
		};
/* End XCConfigurationList section */
	};
	rootObject = 9791BD4525A7C1C300EC074A /* Project object */;
}
